{
  "nodes": {
    "darwin": {
      "inputs": {
        "nixpkgs": [
          "nixpkgs"
        ]
      },
      "locked": {
        "lastModified": 1698429334,
        "narHash": "sha256-Gq3+QabboczSu7RMpcy79RSLMSqnySO3wsnHQk4DfbE=",
        "owner": "lnl7",
        "repo": "nix-darwin",
        "rev": "afe83cbc2e673b1f08d32dd0f70df599678ff1e7",
        "type": "github"
      },
      "original": {
        "owner": "lnl7",
        "repo": "nix-darwin",
        "type": "github"
      }
    },
    "home-manager": {
      "inputs": {
        "nixpkgs": [
          "nixpkgs"
        ]
      },
      "locked": {
        "lastModified": 1693895999,
        "narHash": "sha256-yN1XVFltQxiwle833KCqWkZNfBuRLWkXyEnOD+ljoYY=",
        "owner": "nix-community",
        "repo": "home-manager",
        "rev": "3c0e381fef63e4fbc6c3292c9e9cbcf479c01794",
        "type": "github"
      },
      "original": {
        "owner": "nix-community",
        "repo": "home-manager",
        "type": "github"
      }
    },
    "nixpkgs": {
      "locked": {
        "lastModified": 1693663421,
        "narHash": "sha256-ImMIlWE/idjcZAfxKK8sQA7A1Gi/O58u5/CJA+mxvl8=",
        "owner": "nixos",
        "repo": "nixpkgs",
        "rev": "e56990880811a451abd32515698c712788be5720",
        "type": "github"
      },
      "original": {
        "owner": "nixos",
        "ref": "nixos-unstable",
        "repo": "nixpkgs",
        "type": "github"
      }
    },
    "root": {
      "inputs": {
        "darwin": "darwin",
        "home-manager": "home-manager",
        "nixpkgs": "nixpkgs"
      }
    }
  },
  "root": "root",
  "version": 7
}
